
Microsoft Visual Studio Solution File, Format Version 12.00
# Visual Studio Version 17
VisualStudioVersion = 17.5.002.0
MinimumVisualStudioVersion = 10.0.40219.1
Project("{2150E333-8FDC-42A3-9474-1A3956D46DE8}") = "backend", "backend", "{2FC8A5E8-8638-4885-82C9-4B2682AD0674}"
EndProject
Project("{9A19103F-16F7-4668-BE54-9A1E7A4F7556}") = "api", "backend\api\api.csproj", "{1B0C7964-7136-4C36-B133-2AD7284CACC0}"
EndProject
Global
	GlobalSection(SolutionConfigurationPlatforms) = preSolution
		Debug|Any CPU = Debug|Any CPU
		Release|Any CPU = Release|Any CPU
	EndGlobalSection
	GlobalSection(ProjectConfigurationPlatforms) = postSolution
		{1B0C7964-7136-4C36-B133-2AD7284CACC0}.Debug|Any CPU.ActiveCfg = Debug|Any CPU
		{1B0C7964-7136-4C36-B133-2AD7284CACC0}.Debug|Any CPU.Build.0 = Debug|Any CPU
		{1B0C7964-7136-4C36-B133-2AD7284CACC0}.Release|Any CPU.ActiveCfg = Release|Any CPU
		{1B0C7964-7136-4C36-B133-2AD7284CACC0}.Release|Any CPU.Build.0 = Release|Any CPU
	EndGlobalSection
	GlobalSection(SolutionProperties) = preSolution
		HideSolutionNode = FALSE
	EndGlobalSection
	GlobalSection(NestedProjects) = preSolution
		{1B0C7964-7136-4C36-B133-2AD7284CACC0} = {2FC8A5E8-8638-4885-82C9-4B2682AD0674}
	EndGlobalSection
	GlobalSection(ExtensibilityGlobals) = postSolution
		SolutionGuid = {BCDDA985-4A01-4E46-86CB-C734CC458FA8}
	EndGlobalSection
EndGlobal
